
Microsoft Visual Studio Solution File, Format Version 12.00
# Visual Studio 15
Project("{FAE04EC0-301F-11D3-BF4B-00C04F79EFBC}") = "Ball Blast", "Assembly-CSharp.csproj", "{AB597A5E-5A1B-0249-A4CC-2B5041FFDF81}"
EndProject
Project("{FAE04EC0-301F-11D3-BF4B-00C04F79EFBC}") = "Ball Blast", "Assembly-CSharp-firstpass.csproj", "{5C21C325-280E-356E-A94C-9F7047C96C51}"
EndProject
Project("{FAE04EC0-301F-11D3-BF4B-00C04F79EFBC}") = "Ball Blast", "Assembly-CSharp-Editor-firstpass.csproj", "{18C3591C-629D-1963-30F2-8BB04E8E7FA0}"
EndProject
Project("{FAE04EC0-301F-11D3-BF4B-00C04F79EFBC}") = "Ball Blast", "Assembly-CSharp-Editor.csproj", "{ED3DF3EB-8BE7-77CE-16B5-844E6E815C9C}"
EndProject
Global
	GlobalSection(SolutionConfigurationPlatforms) = preSolution
		Debug|Any CPU = Debug|Any CPU
		Release|Any CPU = Release|Any CPU
	EndGlobalSection
	GlobalSection(ProjectConfigurationPlatforms) = postSolution
		{AB597A5E-5A1B-0249-A4CC-2B5041FFDF81}.Debug|Any CPU.ActiveCfg = Debug|Any CPU
		{AB597A5E-5A1B-0249-A4CC-2B5041FFDF81}.Debug|Any CPU.Build.0 = Debug|Any CPU
		{AB597A5E-5A1B-0249-A4CC-2B5041FFDF81}.Release|Any CPU.ActiveCfg = Release|Any CPU
		{AB597A5E-5A1B-0249-A4CC-2B5041FFDF81}.Release|Any CPU.Build.0 = Release|Any CPU
		{5C21C325-280E-356E-A94C-9F7047C96C51}.Debug|Any CPU.ActiveCfg = Debug|Any CPU
		{5C21C325-280E-356E-A94C-9F7047C96C51}.Debug|Any CPU.Build.0 = Debug|Any CPU
		{5C21C325-280E-356E-A94C-9F7047C96C51}.Release|Any CPU.ActiveCfg = Release|Any CPU
		{5C21C325-280E-356E-A94C-9F7047C96C51}.Release|Any CPU.Build.0 = Release|Any CPU
		{18C3591C-629D-1963-30F2-8BB04E8E7FA0}.Debug|Any CPU.ActiveCfg = Debug|Any CPU
		{18C3591C-629D-1963-30F2-8BB04E8E7FA0}.Debug|Any CPU.Build.0 = Debug|Any CPU
		{18C3591C-629D-1963-30F2-8BB04E8E7FA0}.Release|Any CPU.ActiveCfg = Release|Any CPU
		{18C3591C-629D-1963-30F2-8BB04E8E7FA0}.Release|Any CPU.Build.0 = Release|Any CPU
		{ED3DF3EB-8BE7-77CE-16B5-844E6E815C9C}.Debug|Any CPU.ActiveCfg = Debug|Any CPU
		{ED3DF3EB-8BE7-77CE-16B5-844E6E815C9C}.Debug|Any CPU.Build.0 = Debug|Any CPU
		{ED3DF3EB-8BE7-77CE-16B5-844E6E815C9C}.Release|Any CPU.ActiveCfg = Release|Any CPU
		{ED3DF3EB-8BE7-77CE-16B5-844E6E815C9C}.Release|Any CPU.Build.0 = Release|Any CPU
	EndGlobalSection
	GlobalSection(SolutionProperties) = preSolution
		HideSolutionNode = FALSE
	EndGlobalSection
EndGlobal
